
Microsoft Visual Studio Solution File, Format Version 12.00
# Visual Studio Version 16
VisualStudioVersion = 16.0.31112.23
MinimumVisualStudioVersion = 10.0.40219.1
Project("{FAE04EC0-301F-11D3-BF4B-00C04F79EFBC}") = "ApiSample1", "ApiSample1\ApiSample1.csproj", "{AF273AC0-B92B-4BC8-8CB2-B3E813DDE36E}"
EndProject
Global
	GlobalSection(SolutionConfigurationPlatforms) = preSolution
		Debug|Any CPU = Debug|Any CPU
		Release|Any CPU = Release|Any CPU
	EndGlobalSection
	GlobalSection(ProjectConfigurationPlatforms) = postSolution
		{AF273AC0-B92B-4BC8-8CB2-B3E813DDE36E}.Debug|Any CPU.ActiveCfg = Debug|Any CPU
		{AF273AC0-B92B-4BC8-8CB2-B3E813DDE36E}.Debug|Any CPU.Build.0 = Debug|Any CPU
		{AF273AC0-B92B-4BC8-8CB2-B3E813DDE36E}.Release|Any CPU.ActiveCfg = Release|Any CPU
		{AF273AC0-B92B-4BC8-8CB2-B3E813DDE36E}.Release|Any CPU.Build.0 = Release|Any CPU
	EndGlobalSection
	GlobalSection(SolutionProperties) = preSolution
		HideSolutionNode = FALSE
	EndGlobalSection
	GlobalSection(ExtensibilityGlobals) = postSolution
		SolutionGuid = {8FDCB55D-62B1-47FA-A5C0-108A82BD7236}
	EndGlobalSection
EndGlobal
